// !$*UTF8*$!
{
	archiveVersion = 1;
	classes = {
	};
	objectVersion = 50;
	objects = {

/* Begin PBXBuildFile section */
		F4541A7F25FA491C005EC2F9 /* AppDelegate.swift in Sources */ = {isa = PBXBuildFile; fileRef = F4541A7E25FA491C005EC2F9 /* AppDelegate.swift */; };
		F4541A8125FA491C005EC2F9 /* SceneDelegate.swift in Sources */ = {isa = PBXBuildFile; fileRef = F4541A8025FA491C005EC2F9 /* SceneDelegate.swift */; };
		F4541A8325FA491C005EC2F9 /* ViewController.swift in Sources */ = {isa = PBXBuildFile; fileRef = F4541A8225FA491C005EC2F9 /* ViewController.swift */; };
		F4541A8625FA491C005EC2F9 /* Main.storyboard in Resources */ = {isa = PBXBuildFile; fileRef = F4541A8425FA491C005EC2F9 /* Main.storyboard */; };
		F4541A8825FA491D005EC2F9 /* Assets.xcassets in Resources */ = {isa = PBXBuildFile; fileRef = F4541A8725FA491D005EC2F9 /* Assets.xcassets */; };
		F4541A8B25FA491D005EC2F9 /* LaunchScreen.storyboard in Resources */ = {isa = PBXBuildFile; fileRef = F4541A8925FA491D005EC2F9 /* LaunchScreen.storyboard */; };
		F4541A9625FA491D005EC2F9 /* IntroductionTests.swift in Sources */ = {isa = PBXBuildFile; fileRef = F4541A9525FA491D005EC2F9 /* IntroductionTests.swift */; };
		F4541AA125FA491D005EC2F9 /* IntroductionUITests.swift in Sources */ = {isa = PBXBuildFile; fileRef = F4541AA025FA491D005EC2F9 /* IntroductionUITests.swift */; };
/* End PBXBuildFile section */

/* Begin PBXContainerItemProxy section */
		F4541A9225FA491D005EC2F9 /* PBXContainerItemProxy */ = {
			isa = PBXContainerItemProxy;
			containerPortal = F4541A7325FA491C005EC2F9 /* Project object */;
			proxyType = 1;
			remoteGlobalIDString = F4541A7A25FA491C005EC2F9;
			remoteInfo = Introduction;
		};
		F4541A9D25FA491D005EC2F9 /* PBXContainerItemProxy */ = {
			isa = PBXContainerItemProxy;
			containerPortal = F4541A7325FA491C005EC2F9 /* Project object */;
			proxyType = 1;
			remoteGlobalIDString = F4541A7A25FA491C005EC2F9;
			remoteInfo = Introduction;
		};
/* End PBXContainerItemProxy section */

/* Begin PBXFileReference section */
		F4541A7B25FA491C005EC2F9 /* Introduction.app */ = {isa = PBXFileReference; explicitFileType = wrapper.application; includeInIndex = 0; path = Introduction.app; sourceTree = BUILT_PRODUCTS_DIR; };
		F4541A7E25FA491C005EC2F9 /* AppDelegate.swift */ = {isa = PBXFileReference; lastKnownFileType = sourcecode.swift; path = AppDelegate.swift; sourceTree = "<group>"; };
		F4541A8025FA491C005EC2F9 /* SceneDelegate.swift */ = {isa = PBXFileReference; lastKnownFileType = sourcecode.swift; path = SceneDelegate.swift; sourceTree = "<group>"; };
		F4541A8225FA491C005EC2F9 /* ViewController.swift */ = {isa = PBXFileReference; lastKnownFileType = sourcecode.swift; path = ViewController.swift; sourceTree = "<group>"; };
		F4541A8525FA491C005EC2F9 /* Base */ = {isa = PBXFileReference; lastKnownFileType = file.storyboard; name = Base; path = Base.lproj/Main.storyboard; sourceTree = "<group>"; };
		F4541A8725FA491D005EC2F9 /* Assets.xcassets */ = {isa = PBXFileReference; lastKnownFileType = folder.assetcatalog; path = Assets.xcassets; sourceTree = "<group>"; };
		F4541A8A25FA491D005EC2F9 /* Base */ = {isa = PBXFileReference; lastKnownFileType = file.storyboard; name = Base; path = Base.lproj/LaunchScreen.storyboard; sourceTree = "<group>"; };
		F4541A8C25FA491D005EC2F9 /* Info.plist */ = {isa = PBXFileReference; lastKnownFileType = text.plist.xml; path = Info.plist; sourceTree = "<group>"; };
		F4541A9125FA491D005EC2F9 /* IntroductionTests.xctest */ = {isa = PBXFileReference; explicitFileType = wrapper.cfbundle; includeInIndex = 0; path = IntroductionTests.xctest; sourceTree = BUILT_PRODUCTS_DIR; };
		F4541A9525FA491D005EC2F9 /* IntroductionTests.swift */ = {isa = PBXFileReference; lastKnownFileType = sourcecode.swift; path = IntroductionTests.swift; sourceTree = "<group>"; };
		F4541A9725FA491D005EC2F9 /* Info.plist */ = {isa = PBXFileReference; lastKnownFileType = text.plist.xml; path = Info.plist; sourceTree = "<group>"; };
		F4541A9C25FA491D005EC2F9 /* IntroductionUITests.xctest */ = {isa = PBXFileReference; explicitFileType = wrapper.cfbundle; includeInIndex = 0; path = IntroductionUITests.xctest; sourceTree = BUILT_PRODUCTS_DIR; };
		F4541AA025FA491D005EC2F9 /* IntroductionUITests.swift */ = {isa = PBXFileReference; lastKnownFileType = sourcecode.swift; path = IntroductionUITests.swift; sourceTree = "<group>"; };
		F4541AA225FA491D005EC2F9 /* Info.plist */ = {isa = PBXFileReference; lastKnownFileType = text.plist.xml; path = Info.plist; sourceTree = "<group>"; };
/* End PBXFileReference section */

/* Begin PBXFrameworksBuildPhase section */
		F4541A7825FA491C005EC2F9 /* Frameworks */ = {
			isa = PBXFrameworksBuildPhase;
			buildActionMask = 2147483647;
			files = (
			);
			runOnlyForDeploymentPostprocessing = 0;
		};
		F4541A8E25FA491D005EC2F9 /* Frameworks */ = {
			isa = PBXFrameworksBuildPhase;
			buildActionMask = 2147483647;
			files = (
			);
			runOnlyForDeploymentPostprocessing = 0;
		};
		F4541A9925FA491D005EC2F9 /* Frameworks */ = {
			isa = PBXFrameworksBuildPhase;
			buildActionMask = 2147483647;
			files = (
			);
			runOnlyForDeploymentPostprocessing = 0;
		};
/* End PBXFrameworksBuildPhase section */

/* Begin PBXGroup section */
		F4541A7225FA491C005EC2F9 = {
			isa = PBXGroup;
			children = (
				F4541A7D25FA491C005EC2F9 /* Introduction */,
				F4541A9425FA491D005EC2F9 /* IntroductionTests */,
				F4541A9F25FA491D005EC2F9 /* IntroductionUITests */,
				F4541A7C25FA491C005EC2F9 /* Products */,
			);
			sourceTree = "<group>";
		};
		F4541A7C25FA491C005EC2F9 /* Products */ = {
			isa = PBXGroup;
			children = (
				F4541A7B25FA491C005EC2F9 /* Introduction.app */,
				F4541A9125FA491D005EC2F9 /* IntroductionTests.xctest */,
				F4541A9C25FA491D005EC2F9 /* IntroductionUITests.xctest */,
			);
			name = Products;
			sourceTree = "<group>";
		};
		F4541A7D25FA491C005EC2F9 /* Introduction */ = {
			isa = PBXGroup;
			children = (
				F4541A7E25FA491C005EC2F9 /* AppDelegate.swift */,
				F4541A8025FA491C005EC2F9 /* SceneDelegate.swift */,
				F4541A8225FA491C005EC2F9 /* ViewController.swift */,
				F4541A8425FA491C005EC2F9 /* Main.storyboard */,
				F4541A8725FA491D005EC2F9 /* Assets.xcassets */,
				F4541A8925FA491D005EC2F9 /* LaunchScreen.storyboard */,
				F4541A8C25FA491D005EC2F9 /* Info.plist */,
			);
			path = Introduction;
			sourceTree = "<group>";
		};
		F4541A9425FA491D005EC2F9 /* IntroductionTests */ = {
			isa = PBXGroup;
			children = (
				F4541A9525FA491D005EC2F9 /* IntroductionTests.swift */,
				F4541A9725FA491D005EC2F9 /* Info.plist */,
			);
			path = IntroductionTests;
			sourceTree = "<group>";
		};
		F4541A9F25FA491D005EC2F9 /* IntroductionUITests */ = {
			isa = PBXGroup;
			children = (
				F4541AA025FA491D005EC2F9 /* IntroductionUITests.swift */,
				F4541AA225FA491D005EC2F9 /* Info.plist */,
			);
			path = IntroductionUITests;
			sourceTree = "<group>";
		};
/* End PBXGroup section */

/* Begin PBXNativeTarget section */
		F4541A7A25FA491C005EC2F9 /* Introduction */ = {
			isa = PBXNativeTarget;
			buildConfigurationList = F4541AA525FA491D005EC2F9 /* Build configuration list for PBXNativeTarget "Introduction" */;
			buildPhases = (
				F4541A7725FA491C005EC2F9 /* Sources */,
				F4541A7825FA491C005EC2F9 /* Frameworks */,
				F4541A7925FA491C005EC2F9 /* Resources */,
			);
			buildRules = (
			);
			dependencies = (
			);
			name = Introduction;
			productName = Introduction;
			productReference = F4541A7B25FA491C005EC2F9 /* Introduction.app */;
			productType = "com.apple.product-type.application";
		};
		F4541A9025FA491D005EC2F9 /* IntroductionTests */ = {
			isa = PBXNativeTarget;
			buildConfigurationList = F4541AA825FA491D005EC2F9 /* Build configuration list for PBXNativeTarget "IntroductionTests" */;
			buildPhases = (
				F4541A8D25FA491D005EC2F9 /* Sources */,
				F4541A8E25FA491D005EC2F9 /* Frameworks */,
				F4541A8F25FA491D005EC2F9 /* Resources */,
			);
			buildRules = (
			);
			dependencies = (
				F4541A9325FA491D005EC2F9 /* PBXTargetDependency */,
			);
			name = IntroductionTests;
			productName = IntroductionTests;
			productReference = F4541A9125FA491D005EC2F9 /* IntroductionTests.xctest */;
			productType = "com.apple.product-type.bundle.unit-test";
		};
		F4541A9B25FA491D005EC2F9 /* IntroductionUITests */ = {
			isa = PBXNativeTarget;
			buildConfigurationList = F4541AAB25FA491D005EC2F9 /* Build configuration list for PBXNativeTarget "IntroductionUITests" */;
			buildPhases = (
				F4541A9825FA491D005EC2F9 /* Sources */,
				F4541A9925FA491D005EC2F9 /* Frameworks */,
				F4541A9A25FA491D005EC2F9 /* Resources */,
			);
			buildRules = (
			);
			dependencies = (
				F4541A9E25FA491D005EC2F9 /* PBXTargetDependency */,
			);
			name = IntroductionUITests;
			productName = IntroductionUITests;
			productReference = F4541A9C25FA491D005EC2F9 /* IntroductionUITests.xctest */;
			productType = "com.apple.product-type.bundle.ui-testing";
		};
/* End PBXNativeTarget section */

/* Begin PBXProject section */
		F4541A7325FA491C005EC2F9 /* Project object */ = {
			isa = PBXProject;
			attributes = {
				LastSwiftUpdateCheck = 1240;
				LastUpgradeCheck = 1240;
				TargetAttributes = {
					F4541A7A25FA491C005EC2F9 = {
						CreatedOnToolsVersion = 12.4;
					};
					F4541A9025FA491D005EC2F9 = {
						CreatedOnToolsVersion = 12.4;
						TestTargetID = F4541A7A25FA491C005EC2F9;
					};
					F4541A9B25FA491D005EC2F9 = {
						CreatedOnToolsVersion = 12.4;
						TestTargetID = F4541A7A25FA491C005EC2F9;
					};
				};
			};
			buildConfigurationList = F4541A7625FA491C005EC2F9 /* Build configuration list for PBXProject "Introduction" */;
			compatibilityVersion = "Xcode 9.3";
			developmentRegion = en;
			hasScannedForEncodings = 0;
			knownRegions = (
				en,
				Base,
			);
			mainGroup = F4541A7225FA491C005EC2F9;
			productRefGroup = F4541A7C25FA491C005EC2F9 /* Products */;
			projectDirPath = "";
			projectRoot = "";
			targets = (
				F4541A7A25FA491C005EC2F9 /* Introduction */,
				F4541A9025FA491D005EC2F9 /* IntroductionTests */,
				F4541A9B25FA491D005EC2F9 /* IntroductionUITests */,
			);
		};
/* End PBXProject section */

/* Begin PBXResourcesBuildPhase section */
		F4541A7925FA491C005EC2F9 /* Resources */ = {
			isa = PBXResourcesBuildPhase;
			buildActionMask = 2147483647;
			files = (
				F4541A8B25FA491D005EC2F9 /* LaunchScreen.storyboard in Resources */,
				F4541A8825FA491D005EC2F9 /* Assets.xcassets in Resources */,
				F4541A8625FA491C005EC2F9 /* Main.storyboard in Resources */,
			);
			runOnlyForDeploymentPostprocessing = 0;
		};
		F4541A8F25FA491D005EC2F9 /* Resources */ = {
			isa = PBXResourcesBuildPhase;
			buildActionMask = 2147483647;
			files = (
			);
			runOnlyForDeploymentPostprocessing = 0;
		};
		F4541A9A25FA491D005EC2F9 /* Resources */ = {
			isa = PBXResourcesBuildPhase;
			buildActionMask = 2147483647;
			files = (
			);
			runOnlyForDeploymentPostprocessing = 0;
		};
/* End PBXResourcesBuildPhase section */

/* Begin PBXSourcesBuildPhase section */
		F4541A7725FA491C005EC2F9 /* Sources */ = {
			isa = PBXSourcesBuildPhase;
			buildActionMask = 2147483647;
			files = (
				F4541A8325FA491C005EC2F9 /* ViewController.swift in Sources */,
				F4541A7F25FA491C005EC2F9 /* AppDelegate.swift in Sources */,
				F4541A8125FA491C005EC2F9 /* SceneDelegate.swift in Sources */,
			);
			runOnlyForDeploymentPostprocessing = 0;
		};
		F4541A8D25FA491D005EC2F9 /* Sources */ = {
			isa = PBXSourcesBuildPhase;
			buildActionMask = 2147483647;
			files = (
				F4541A9625FA491D005EC2F9 /* IntroductionTests.swift in Sources */,
			);
			runOnlyForDeploymentPostprocessing = 0;
		};
		F4541A9825FA491D005EC2F9 /* Sources */ = {
			isa = PBXSourcesBuildPhase;
			buildActionMask = 2147483647;
			files = (
				F4541AA125FA491D005EC2F9 /* IntroductionUITests.swift in Sources */,
			);
			runOnlyForDeploymentPostprocessing = 0;
		};
/* End PBXSourcesBuildPhase section */

/* Begin PBXTargetDependency section */
		F4541A9325FA491D005EC2F9 /* PBXTargetDependency */ = {
			isa = PBXTargetDependency;
			target = F4541A7A25FA491C005EC2F9 /* Introduction */;
			targetProxy = F4541A9225FA491D005EC2F9 /* PBXContainerItemProxy */;
		};
		F4541A9E25FA491D005EC2F9 /* PBXTargetDependency */ = {
			isa = PBXTargetDependency;
			target = F4541A7A25FA491C005EC2F9 /* Introduction */;
			targetProxy = F4541A9D25FA491D005EC2F9 /* PBXContainerItemProxy */;
		};
/* End PBXTargetDependency section */

/* Begin PBXVariantGroup section */
		F4541A8425FA491C005EC2F9 /* Main.storyboard */ = {
			isa = PBXVariantGroup;
			children = (
				F4541A8525FA491C005EC2F9 /* Base */,
			);
			name = Main.storyboard;
			sourceTree = "<group>";
		};
		F4541A8925FA491D005EC2F9 /* LaunchScreen.storyboard */ = {
			isa = PBXVariantGroup;
			children = (
				F4541A8A25FA491D005EC2F9 /* Base */,
			);
			name = LaunchScreen.storyboard;
			sourceTree = "<group>";
		};
/* End PBXVariantGroup section */

/* Begin XCBuildConfiguration section */
		F4541AA325FA491D005EC2F9 /* Debug */ = {
			isa = XCBuildConfiguration;
			buildSettings = {
				ALWAYS_SEARCH_USER_PATHS = NO;
				CLANG_ANALYZER_NONNULL = YES;
				CLANG_ANALYZER_NUMBER_OBJECT_CONVERSION = YES_AGGRESSIVE;
				CLANG_CXX_LANGUAGE_STANDARD = "gnu++14";
				CLANG_CXX_LIBRARY = "libc++";
				CLANG_ENABLE_MODULES = YES;
				CLANG_ENABLE_OBJC_ARC = YES;
				CLANG_ENABLE_OBJC_WEAK = YES;
				CLANG_WARN_BLOCK_CAPTURE_AUTORELEASING = YES;
				CLANG_WARN_BOOL_CONVERSION = YES;
				CLANG_WARN_COMMA = YES;
				CLANG_WARN_CONSTANT_CONVERSION = YES;
				CLANG_WARN_DEPRECATED_OBJC_IMPLEMENTATIONS = YES;
				CLANG_WARN_DIRECT_OBJC_ISA_USAGE = YES_ERROR;
				CLANG_WARN_DOCUMENTATION_COMMENTS = YES;
				CLANG_WARN_EMPTY_BODY = YES;
				CLANG_WARN_ENUM_CONVERSION = YES;
				CLANG_WARN_INFINITE_RECURSION = YES;
				CLANG_WARN_INT_CONVERSION = YES;
				CLANG_WARN_NON_LITERAL_NULL_CONVERSION = YES;
				CLANG_WARN_OBJC_IMPLICIT_RETAIN_SELF = YES;
				CLANG_WARN_OBJC_LITERAL_CONVERSION = YES;
				CLANG_WARN_OBJC_ROOT_CLASS = YES_ERROR;
				CLANG_WARN_QUOTED_INCLUDE_IN_FRAMEWORK_HEADER = YES;
				CLANG_WARN_RANGE_LOOP_ANALYSIS = YES;
				CLANG_WARN_STRICT_PROTOTYPES = YES;
				CLANG_WARN_SUSPICIOUS_MOVE = YES;
				CLANG_WARN_UNGUARDED_AVAILABILITY = YES_AGGRESSIVE;
				CLANG_WARN_UNREACHABLE_CODE = YES;
				CLANG_WARN__DUPLICATE_METHOD_MATCH = YES;
				COPY_PHASE_STRIP = NO;
				DEBUG_INFORMATION_FORMAT = dwarf;
				ENABLE_STRICT_OBJC_MSGSEND = YES;
				ENABLE_TESTABILITY = YES;
				GCC_C_LANGUAGE_STANDARD = gnu11;
				GCC_DYNAMIC_NO_PIC = NO;
				GCC_NO_COMMON_BLOCKS = YES;
				GCC_OPTIMIZATION_LEVEL = 0;
				GCC_PREPROCESSOR_DEFINITIONS = (
					"DEBUG=1",
					"$(inherited)",
				);
				GCC_WARN_64_TO_32_BIT_CONVERSION = YES;
				GCC_WARN_ABOUT_RETURN_TYPE = YES_ERROR;
				GCC_WARN_UNDECLARED_SELECTOR = YES;
				GCC_WARN_UNINITIALIZED_AUTOS = YES_AGGRESSIVE;
				GCC_WARN_UNUSED_FUNCTION = YES;
				GCC_WARN_UNUSED_VARIABLE = YES;
				IPHONEOS_DEPLOYMENT_TARGET = 14.4;
				MTL_ENABLE_DEBUG_INFO = INCLUDE_SOURCE;
				MTL_FAST_MATH = YES;
				ONLY_ACTIVE_ARCH = YES;
				SDKROOT = iphoneos;
				SWIFT_ACTIVE_COMPILATION_CONDITIONS = DEBUG;
				SWIFT_OPTIMIZATION_LEVEL = "-Onone";
			};
			name = Debug;
		};
		F4541AA425FA491D005EC2F9 /* Release */ = {
			isa = XCBuildConfiguration;
			buildSettings = {
				ALWAYS_SEARCH_USER_PATHS = NO;
				CLANG_ANALYZER_NONNULL = YES;
				CLANG_ANALYZER_NUMBER_OBJECT_CONVERSION = YES_AGGRESSIVE;
				CLANG_CXX_LANGUAGE_STANDARD = "gnu++14";
				CLANG_CXX_LIBRARY = "libc++";
				CLANG_ENABLE_MODULES = YES;
				CLANG_ENABLE_OBJC_ARC = YES;
				CLANG_ENABLE_OBJC_WEAK = YES;
				CLANG_WARN_BLOCK_CAPTURE_AUTORELEASING = YES;
				CLANG_WARN_BOOL_CONVERSION = YES;
				CLANG_WARN_COMMA = YES;
				CLANG_WARN_CONSTANT_CONVERSION = YES;
				CLANG_WARN_DEPRECATED_OBJC_IMPLEMENTATIONS = YES;
				CLANG_WARN_DIRECT_OBJC_ISA_USAGE = YES_ERROR;
				CLANG_WARN_DOCUMENTATION_COMMENTS = YES;
				CLANG_WARN_EMPTY_BODY = YES;
				CLANG_WARN_ENUM_CONVERSION = YES;
				CLANG_WARN_INFINITE_RECURSION = YES;
				CLANG_WARN_INT_CONVERSION = YES;
				CLANG_WARN_NON_LITERAL_NULL_CONVERSION = YES;
				CLANG_WARN_OBJC_IMPLICIT_RETAIN_SELF = YES;
				CLANG_WARN_OBJC_LITERAL_CONVERSION = YES;
				CLANG_WARN_OBJC_ROOT_CLASS = YES_ERROR;
				CLANG_WARN_QUOTED_INCLUDE_IN_FRAMEWORK_HEADER = YES;
				CLANG_WARN_RANGE_LOOP_ANALYSIS = YES;
				CLANG_WARN_STRICT_PROTOTYPES = YES;
				CLANG_WARN_SUSPICIOUS_MOVE = YES;
				CLANG_WARN_UNGUARDED_AVAILABILITY = YES_AGGRESSIVE;
				CLANG_WARN_UNREACHABLE_CODE = YES;
				CLANG_WARN__DUPLICATE_METHOD_MATCH = YES;
				COPY_PHASE_STRIP = NO;
				DEBUG_INFORMATION_FORMAT = "dwarf-with-dsym";
				ENABLE_NS_ASSERTIONS = NO;
				ENABLE_STRICT_OBJC_MSGSEND = YES;
				GCC_C_LANGUAGE_STANDARD = gnu11;
				GCC_NO_COMMON_BLOCKS = YES;
				GCC_WARN_64_TO_32_BIT_CONVERSION = YES;
				GCC_WARN_ABOUT_RETURN_TYPE = YES_ERROR;
				GCC_WARN_UNDECLARED_SELECTOR = YES;
				GCC_WARN_UNINITIALIZED_AUTOS = YES_AGGRESSIVE;
				GCC_WARN_UNUSED_FUNCTION = YES;
				GCC_WARN_UNUSED_VARIABLE = YES;
				IPHONEOS_DEPLOYMENT_TARGET = 14.4;
				MTL_ENABLE_DEBUG_INFO = NO;
				MTL_FAST_MATH = YES;
				SDKROOT = iphoneos;
				SWIFT_COMPILATION_MODE = wholemodule;
				SWIFT_OPTIMIZATION_LEVEL = "-O";
				VALIDATE_PRODUCT = YES;
			};
			name = Release;
		};
		F4541AA625FA491D005EC2F9 /* Debug */ = {
			isa = XCBuildConfiguration;
			buildSettings = {
				ASSETCATALOG_COMPILER_APPICON_NAME = AppIcon;
				ASSETCATALOG_COMPILER_GLOBAL_ACCENT_COLOR_NAME = AccentColor;
				CODE_SIGN_STYLE = Automatic;
				DEVELOPMENT_TEAM = M2BP76V5D4;
				INFOPLIST_FILE = Introduction/Info.plist;
				LD_RUNPATH_SEARCH_PATHS = (
					"$(inherited)",
					"@executable_path/Frameworks",
				);
				PRODUCT_BUNDLE_IDENTIFIER = com.tistory.indoni.Introduction;
				PRODUCT_NAME = "$(TARGET_NAME)";
				SWIFT_VERSION = 5.0;
				TARGETED_DEVICE_FAMILY = "1,2";
			};
			name = Debug;
		};
		F4541AA725FA491D005EC2F9 /* Release */ = {
			isa = XCBuildConfiguration;
			buildSettings = {
				ASSETCATALOG_COMPILER_APPICON_NAME = AppIcon;
				ASSETCATALOG_COMPILER_GLOBAL_ACCENT_COLOR_NAME = AccentColor;
				CODE_SIGN_STYLE = Automatic;
				DEVELOPMENT_TEAM = M2BP76V5D4;
				INFOPLIST_FILE = Introduction/Info.plist;
				LD_RUNPATH_SEARCH_PATHS = (
					"$(inherited)",
					"@executable_path/Frameworks",
				);
				PRODUCT_BUNDLE_IDENTIFIER = com.tistory.indoni.Introduction;
				PRODUCT_NAME = "$(TARGET_NAME)";
				SWIFT_VERSION = 5.0;
				TARGETED_DEVICE_FAMILY = "1,2";
			};
			name = Release;
		};
		F4541AA925FA491D005EC2F9 /* Debug */ = {
			isa = XCBuildConfiguration;
			buildSettings = {
				ALWAYS_EMBED_SWIFT_STANDARD_LIBRARIES = YES;
				BUNDLE_LOADER = "$(TEST_HOST)";
				CODE_SIGN_STYLE = Automatic;
				DEVELOPMENT_TEAM = M2BP76V5D4;
				INFOPLIST_FILE = IntroductionTests/Info.plist;
				IPHONEOS_DEPLOYMENT_TARGET = 14.4;
				LD_RUNPATH_SEARCH_PATHS = (
					"$(inherited)",
					"@executable_path/Frameworks",
					"@loader_path/Frameworks",
				);
				PRODUCT_BUNDLE_IDENTIFIER = com.tistory.indoni.IntroductionTests;
				PRODUCT_NAME = "$(TARGET_NAME)";
				SWIFT_VERSION = 5.0;
				TARGETED_DEVICE_FAMILY = "1,2";
				TEST_HOST = "$(BUILT_PRODUCTS_DIR)/Introduction.app/Introduction";
			};
			name = Debug;
		};
		F4541AAA25FA491D005EC2F9 /* Release */ = {
			isa = XCBuildConfiguration;
			buildSettings = {
				ALWAYS_EMBED_SWIFT_STANDARD_LIBRARIES = YES;
				BUNDLE_LOADER = "$(TEST_HOST)";
				CODE_SIGN_STYLE = Automatic;
				DEVELOPMENT_TEAM = M2BP76V5D4;
				INFOPLIST_FILE = IntroductionTests/Info.plist;
				IPHONEOS_DEPLOYMENT_TARGET = 14.4;
				LD_RUNPATH_SEARCH_PATHS = (
					"$(inherited)",
					"@executable_path/Frameworks",
					"@loader_path/Frameworks",
				);
				PRODUCT_BUNDLE_IDENTIFIER = com.tistory.indoni.IntroductionTests;
				PRODUCT_NAME = "$(TARGET_NAME)";
				SWIFT_VERSION = 5.0;
				TARGETED_DEVICE_FAMILY = "1,2";
				TEST_HOST = "$(BUILT_PRODUCTS_DIR)/Introduction.app/Introduction";
			};
			name = Release;
		};
		F4541AAC25FA491D005EC2F9 /* Debug */ = {
			isa = XCBuildConfiguration;
			buildSettings = {
				ALWAYS_EMBED_SWIFT_STANDARD_LIBRARIES = YES;
				CODE_SIGN_STYLE = Automatic;
				DEVELOPMENT_TEAM = M2BP76V5D4;
				INFOPLIST_FILE = IntroductionUITests/Info.plist;
				LD_RUNPATH_SEARCH_PATHS = (
					"$(inherited)",
					"@executable_path/Frameworks",
					"@loader_path/Frameworks",
				);
				PRODUCT_BUNDLE_IDENTIFIER = com.tistory.indoni.IntroductionUITests;
				PRODUCT_NAME = "$(TARGET_NAME)";
				SWIFT_VERSION = 5.0;
				TARGETED_DEVICE_FAMILY = "1,2";
				TEST_TARGET_NAME = Introduction;
			};
			name = Debug;
		};
		F4541AAD25FA491D005EC2F9 /* Release */ = {
			isa = XCBuildConfiguration;
			buildSettings = {
				ALWAYS_EMBED_SWIFT_STANDARD_LIBRARIES = YES;
				CODE_SIGN_STYLE = Automatic;
				DEVELOPMENT_TEAM = M2BP76V5D4;
				INFOPLIST_FILE = IntroductionUITests/Info.plist;
				LD_RUNPATH_SEARCH_PATHS = (
					"$(inherited)",
					"@executable_path/Frameworks",
					"@loader_path/Frameworks",
				);
				PRODUCT_BUNDLE_IDENTIFIER = com.tistory.indoni.IntroductionUITests;
				PRODUCT_NAME = "$(TARGET_NAME)";
				SWIFT_VERSION = 5.0;
				TARGETED_DEVICE_FAMILY = "1,2";
				TEST_TARGET_NAME = Introduction;
			};
			name = Release;
		};
/* End XCBuildConfiguration section */

/* Begin XCConfigurationList section */
		F4541A7625FA491C005EC2F9 /* Build configuration list for PBXProject "Introduction" */ = {
			isa = XCConfigurationList;
			buildConfigurations = (
				F4541AA325FA491D005EC2F9 /* Debug */,
				F4541AA425FA491D005EC2F9 /* Release */,
			);
			defaultConfigurationIsVisible = 0;
			defaultConfigurationName = Release;
		};
		F4541AA525FA491D005EC2F9 /* Build configuration list for PBXNativeTarget "Introduction" */ = {
			isa = XCConfigurationList;
			buildConfigurations = (
				F4541AA625FA491D005EC2F9 /* Debug */,
				F4541AA725FA491D005EC2F9 /* Release */,
			);
			defaultConfigurationIsVisible = 0;
			defaultConfigurationName = Release;
		};
		F4541AA825FA491D005EC2F9 /* Build configuration list for PBXNativeTarget "IntroductionTests" */ = {
			isa = XCConfigurationList;
			buildConfigurations = (
				F4541AA925FA491D005EC2F9 /* Debug */,
				F4541AAA25FA491D005EC2F9 /* Release */,
			);
			defaultConfigurationIsVisible = 0;
			defaultConfigurationName = Release;
		};
		F4541AAB25FA491D005EC2F9 /* Build configuration list for PBXNativeTarget "IntroductionUITests" */ = {
			isa = XCConfigurationList;
			buildConfigurations = (
				F4541AAC25FA491D005EC2F9 /* Debug */,
				F4541AAD25FA491D005EC2F9 /* Release */,
			);
			defaultConfigurationIsVisible = 0;
			defaultConfigurationName = Release;
		};
/* End XCConfigurationList section */
	};
	rootObject = F4541A7325FA491C005EC2F9 /* Project object */;
}
